
Microsoft Visual Studio Solution File, Format Version 12.00
# Visual Studio Express 2012 for Web
Project("{FAE04EC0-301F-11D3-BF4B-00C04F79EFBC}") = "NGravatar", "NGravatar\NGravatar.csproj", "{9AC76DB2-46C8-4D02-AA2D-7DB9E1A86E25}"
EndProject
Project("{FAE04EC0-301F-11D3-BF4B-00C04F79EFBC}") = "NGravatar.Core", "NGravatar.Core\NGravatar.Core.csproj", "{543C1E82-0C6C-49CB-BCB9-368E2027FDDB}"
EndProject
Global
	GlobalSection(SolutionConfigurationPlatforms) = preSolution
		Debug|Any CPU = Debug|Any CPU
		Release|Any CPU = Release|Any CPU
	EndGlobalSection
	GlobalSection(ProjectConfigurationPlatforms) = postSolution
		{9AC76DB2-46C8-4D02-AA2D-7DB9E1A86E25}.Debug|Any CPU.ActiveCfg = Debug|Any CPU
		{9AC76DB2-46C8-4D02-AA2D-7DB9E1A86E25}.Debug|Any CPU.Build.0 = Debug|Any CPU
		{9AC76DB2-46C8-4D02-AA2D-7DB9E1A86E25}.Release|Any CPU.ActiveCfg = Release|Any CPU
		{9AC76DB2-46C8-4D02-AA2D-7DB9E1A86E25}.Release|Any CPU.Build.0 = Release|Any CPU
		{543C1E82-0C6C-49CB-BCB9-368E2027FDDB}.Debug|Any CPU.ActiveCfg = Debug|Any CPU
		{543C1E82-0C6C-49CB-BCB9-368E2027FDDB}.Debug|Any CPU.Build.0 = Debug|Any CPU
		{543C1E82-0C6C-49CB-BCB9-368E2027FDDB}.Release|Any CPU.ActiveCfg = Release|Any CPU
		{543C1E82-0C6C-49CB-BCB9-368E2027FDDB}.Release|Any CPU.Build.0 = Release|Any CPU
	EndGlobalSection
	GlobalSection(SolutionProperties) = preSolution
		HideSolutionNode = FALSE
	EndGlobalSection
EndGlobal
